<Solution>
  <Folder Name="/src/">
    <Project Path="src/ApartmentResidenceManagement.Application/ApartmentResidenceManagement.Application.csproj" />
    <Project Path="src/ApartmentResidenceManagement.Domain/ApartmentResidenceManagement.Domain.csproj" />
    <Project Path="src/ApartmentResidenceManagement.Infrastructure/ApartmentResidenceManagement.Infrastructure.csproj" />
    <Project Path="src/ApartmentResidenceManagement.Wpf/ApartmentResidenceManagement.Wpf.csproj" />
  </Folder>
  <Folder Name="/tests/">
    <Project Path="tests/ApartmentResidenceManagement.Tests/ApartmentResidenceManagement.Tests.csproj" />
  </Folder>
</Solution>
